<Solution>
  <Configurations>
    <Platform Name="x64" />
    <Platform Name="x86" />
  </Configurations>
  <Project Path="onnx_learn/onnx_learn.vcxproj" Id="47941fe2-49ec-41db-ba34-44cc4d032757" />
  <Project Path="opencv_learn/opencv_learn.vcxproj" Id="f7567cd9-4776-4105-84ab-5b4406fdc7b8" />
  <Project Path="openvino_learn/openvino_learn.vcxproj" Id="22c97fee-b82d-4371-85c0-2542fe14b177">
    <BuildDependency Project="openvino_learn/plugins/ahri_plugin_openvino.vcxproj" />
  </Project>
  <Project Path="openvino_learn/plugins/ahri_plugin_openvino.vcxproj" Id="6813bac4-f834-4d82-886b-e063913e04fb" />
  <Project Path="tensorrt_learn/plugins/ahri_plugin_tensorrt.vcxproj" Id="a6e31632-e3b5-4885-9f2e-cf67ff689ca6" />
  <Project Path="tensorrt_learn/tensorrt_learn.vcxproj" Id="7d85c527-e444-46d2-83c0-2437febe1a50" />
</Solution>
